Microsoft Visual Studio Solution File, Format Version 12.00
# Visual Studio Version 17
VisualStudioVersion = 17.5.2.0
MinimumVisualStudioVersion = 10.0.40219.1
Project("{FAE04EC0-301F-11D3-BF4B-00C04F79EFBC}") = "MaximaTech.Api", "MaximaTech.Api\MaximaTech.Api.csproj", "{DB719BB8-E375-3A55-578E-F7E5CE54949B}"
EndProject
Global
	GlobalSection(SolutionConfigurationPlatforms) = preSolution
		Debug|Any CPU = Debug|Any CPU
		Release|Any CPU = Release|Any CPU
	EndGlobalSection
	GlobalSection(ProjectConfigurationPlatforms) = postSolution
		{DB719BB8-E375-3A55-578E-F7E5CE54949B}.Debug|Any CPU.ActiveCfg = Debug|Any CPU
		{DB719BB8-E375-3A55-578E-F7E5CE54949B}.Debug|Any CPU.Build.0 = Debug|Any CPU
		{DB719BB8-E375-3A55-578E-F7E5CE54949B}.Release|Any CPU.ActiveCfg = Release|Any CPU
		{DB719BB8-E375-3A55-578E-F7E5CE54949B}.Release|Any CPU.Build.0 = Release|Any CPU
	EndGlobalSection
	GlobalSection(SolutionProperties) = preSolution
		HideSolutionNode = FALSE
	EndGlobalSection
	GlobalSection(ExtensibilityGlobals) = postSolution
		SolutionGuid = {7F2A978B-171A-4452-BD0F-5833E5731958}
	EndGlobalSection
EndGlobal
